// !$*UTF8*$!
{
	archiveVersion = 1;
	classes = {
	};
	objectVersion = 56;
	objects = {

/* Begin PBXBuildFile section */
		A1234567890ABCDEF1234567 /* OdysséeApp.swift in Sources */ = {isa = PBXBuildFile; fileRef = A1234567890ABCDEF1234566 /* OdysséeApp.swift */; };
		A1234567890ABCDEF1234569 /* ContentView.swift in Sources */ = {isa = PBXBuildFile; fileRef = A1234567890ABCDEF1234568 /* ContentView.swift */; };
		A1234567890ABCDEF123456B /* Assets.xcassets in Resources */ = {isa = PBXBuildFile; fileRef = A1234567890ABCDEF123456A /* Assets.xcassets */; };
		A1234567890ABCDEF123456E /* Preview Assets.xcassets in Resources */ = {isa = PBXBuildFile; fileRef = A1234567890ABCDEF123456D /* Preview Assets.xcassets */; };
		A1234567890ABCDEF1234571 /* TravelData.xcdatamodeld in Sources */ = {isa = PBXBuildFile; fileRef = A1234567890ABCDEF123456F /* TravelData.xcdatamodeld */; };
		A3456789012BCDEF1234586 /* LuxuryNavigationController.swift in Sources */ = {isa = PBXBuildFile; fileRef = A2345678901BCDEF1234571 /* LuxuryNavigationController.swift */; };
		A3456789012BCDEF1234587 /* LuxuryCard.swift in Sources */ = {isa = PBXBuildFile; fileRef = A2345678901BCDEF1234572 /* LuxuryCard.swift */; };
		A3456789012BCDEF1234588 /* PremiumButton.swift in Sources */ = {isa = PBXBuildFile; fileRef = A2345678901BCDEF1234573 /* PremiumButton.swift */; };
		A3456789012BCDEF1234589 /* TravelDataImporter.swift in Sources */ = {isa = PBXBuildFile; fileRef = A2345678901BCDEF1234574 /* TravelDataImporter.swift */; };
		A3456789012BCDEF123458A /* TravelDataExporter.swift in Sources */ = {isa = PBXBuildFile; fileRef = A2345678901BCDEF1234575 /* TravelDataExporter.swift */; };
		A3456789012BCDEF123458B /* DiscoveryService.swift in Sources */ = {isa = PBXBuildFile; fileRef = A2345678901BCDEF1234576 /* DiscoveryService.swift */; };
		A3456789012BCDEF123458C /* FavoritesManager.swift in Sources */ = {isa = PBXBuildFile; fileRef = A2345678901BCDEF1234577 /* FavoritesManager.swift */; };
		A3456789012BCDEF123458D /* PrivacyManager.swift in Sources */ = {isa = PBXBuildFile; fileRef = A2345678901BCDEF1234578 /* PrivacyManager.swift */; };
		A3456789012BCDEF123458E /* PhotoLibraryScanner.swift in Sources */ = {isa = PBXBuildFile; fileRef = A2345678901BCDEF1234579 /* PhotoLibraryScanner.swift */; };
		A3456789012BCDEF123458F /* LocationExtractor.swift in Sources */ = {isa = PBXBuildFile; fileRef = A2345678901BCDEF123457A /* LocationExtractor.swift */; };
		A3456789012BCDEF1234590 /* CoreDataStack.swift in Sources */ = {isa = PBXBuildFile; fileRef = A2345678901BCDEF123457B /* CoreDataStack.swift */; };
		A3456789012BCDEF1234591 /* ModernTypography.swift in Sources */ = {isa = PBXBuildFile; fileRef = A2345678901BCDEF123457C /* ModernTypography.swift */; };
		A3456789012BCDEF1234592 /* ModernColorPalette.swift in Sources */ = {isa = PBXBuildFile; fileRef = A2345678901BCDEF123457D /* ModernColorPalette.swift */; };
		A3456789012BCDEF1234593 /* LuxuryTypography.swift in Sources */ = {isa = PBXBuildFile; fileRef = A2345678901BCDEF123457E /* LuxuryTypography.swift */; };
		A3456789012BCDEF1234594 /* LuxurySpacingAndLayout.swift in Sources */ = {isa = PBXBuildFile; fileRef = A2345678901BCDEF123457F /* LuxurySpacingAndLayout.swift */; };
		A3456789012BCDEF1234595 /* LuxuryColorPalette.swift in Sources */ = {isa = PBXBuildFile; fileRef = A2345678901BCDEF1234580 /* LuxuryColorPalette.swift */; };
		A3456789012BCDEF1234596 /* LuxuryAnimation.swift in Sources */ = {isa = PBXBuildFile; fileRef = A2345678901BCDEF1234581 /* LuxuryAnimation.swift */; };
		A3456789012BCDEF1234597 /* VisitedPlaceDetailView.swift in Sources */ = {isa = PBXBuildFile; fileRef = A2345678901BCDEF1234582 /* VisitedPlaceDetailView.swift */; };
		A3456789012BCDEF1234598 /* InteractiveGlobeView.swift in Sources */ = {isa = PBXBuildFile; fileRef = A2345678901BCDEF1234583 /* InteractiveGlobeView.swift */; };
		A3456789012BCDEF1234599 /* TripPlanningView.swift in Sources */ = {isa = PBXBuildFile; fileRef = A2345678901BCDEF1234584 /* TripPlanningView.swift */; };
		A3456789012BCDEF123459A /* MainDashboardView.swift in Sources */ = {isa = PBXBuildFile; fileRef = A2345678901BCDEF1234585 /* MainDashboardView.swift */; };
/* End PBXBuildFile section */

/* Begin PBXFileReference section */
		A1234567890ABCDEF1234563 /* Odyssée.app */ = {isa = PBXFileReference; explicitFileType = wrapper.application; includeInIndex = 0; path = "Odyssée.app"; sourceTree = BUILT_PRODUCTS_DIR; };
		A1234567890ABCDEF1234566 /* OdysséeApp.swift */ = {isa = PBXFileReference; lastKnownFileType = sourcecode.swift; path = "OdysséeApp.swift"; sourceTree = "<group>"; };
		A1234567890ABCDEF1234568 /* ContentView.swift */ = {isa = PBXFileReference; lastKnownFileType = sourcecode.swift; path = ContentView.swift; sourceTree = "<group>"; };
		A1234567890ABCDEF123456A /* Assets.xcassets */ = {isa = PBXFileReference; lastKnownFileType = folder.assetcatalog; path = Assets.xcassets; sourceTree = "<group>"; };
		A1234567890ABCDEF123456D /* Preview Assets.xcassets */ = {isa = PBXFileReference; lastKnownFileType = folder.assetcatalog; path = "Preview Assets.xcassets"; sourceTree = "<group>"; };
		A1234567890ABCDEF1234570 /* TravelData.xcdatamodel */ = {isa = PBXFileReference; lastKnownFileType = wrapper.xcdatamodel; path = TravelData.xcdatamodel; sourceTree = "<group>"; };
		A2345678901BCDEF1234571 /* LuxuryNavigationController.swift */ = {isa = PBXFileReference; lastKnownFileType = sourcecode.swift; path = LuxuryNavigationController.swift; sourceTree = "<group>"; };
		A2345678901BCDEF1234572 /* LuxuryCard.swift */ = {isa = PBXFileReference; lastKnownFileType = sourcecode.swift; path = LuxuryCard.swift; sourceTree = "<group>"; };
		A2345678901BCDEF1234573 /* PremiumButton.swift */ = {isa = PBXFileReference; lastKnownFileType = sourcecode.swift; path = PremiumButton.swift; sourceTree = "<group>"; };
		A2345678901BCDEF1234574 /* TravelDataImporter.swift */ = {isa = PBXFileReference; lastKnownFileType = sourcecode.swift; path = TravelDataImporter.swift; sourceTree = "<group>"; };
		A2345678901BCDEF1234575 /* TravelDataExporter.swift */ = {isa = PBXFileReference; lastKnownFileType = sourcecode.swift; path = TravelDataExporter.swift; sourceTree = "<group>"; };
		A2345678901BCDEF1234576 /* DiscoveryService.swift */ = {isa = PBXFileReference; lastKnownFileType = sourcecode.swift; path = DiscoveryService.swift; sourceTree = "<group>"; };
		A2345678901BCDEF1234577 /* FavoritesManager.swift */ = {isa = PBXFileReference; lastKnownFileType = sourcecode.swift; path = FavoritesManager.swift; sourceTree = "<group>"; };
		A2345678901BCDEF1234578 /* PrivacyManager.swift */ = {isa = PBXFileReference; lastKnownFileType = sourcecode.swift; path = PrivacyManager.swift; sourceTree = "<group>"; };
		A2345678901BCDEF1234579 /* PhotoLibraryScanner.swift */ = {isa = PBXFileReference; lastKnownFileType = sourcecode.swift; path = PhotoLibraryScanner.swift; sourceTree = "<group>"; };
		A2345678901BCDEF123457A /* LocationExtractor.swift */ = {isa = PBXFileReference; lastKnownFileType = sourcecode.swift; path = LocationExtractor.swift; sourceTree = "<group>"; };
		A2345678901BCDEF123457B /* CoreDataStack.swift */ = {isa = PBXFileReference; lastKnownFileType = sourcecode.swift; path = CoreDataStack.swift; sourceTree = "<group>"; };
		A2345678901BCDEF123457C /* ModernTypography.swift */ = {isa = PBXFileReference; lastKnownFileType = sourcecode.swift; path = ModernTypography.swift; sourceTree = "<group>"; };
		A2345678901BCDEF123457D /* ModernColorPalette.swift */ = {isa = PBXFileReference; lastKnownFileType = sourcecode.swift; path = ModernColorPalette.swift; sourceTree = "<group>"; };
		A2345678901BCDEF123457E /* LuxuryTypography.swift */ = {isa = PBXFileReference; lastKnownFileType = sourcecode.swift; path = LuxuryTypography.swift; sourceTree = "<group>"; };
		A2345678901BCDEF123457F /* LuxurySpacingAndLayout.swift */ = {isa = PBXFileReference; lastKnownFileType = sourcecode.swift; path = LuxurySpacingAndLayout.swift; sourceTree = "<group>"; };
		A2345678901BCDEF1234580 /* LuxuryColorPalette.swift */ = {isa = PBXFileReference; lastKnownFileType = sourcecode.swift; path = LuxuryColorPalette.swift; sourceTree = "<group>"; };
		A2345678901BCDEF1234581 /* LuxuryAnimation.swift */ = {isa = PBXFileReference; lastKnownFileType = sourcecode.swift; path = LuxuryAnimation.swift; sourceTree = "<group>"; };
		A2345678901BCDEF1234582 /* VisitedPlaceDetailView.swift */ = {isa = PBXFileReference; lastKnownFileType = sourcecode.swift; path = VisitedPlaceDetailView.swift; sourceTree = "<group>"; };
		A2345678901BCDEF1234583 /* InteractiveGlobeView.swift */ = {isa = PBXFileReference; lastKnownFileType = sourcecode.swift; path = InteractiveGlobeView.swift; sourceTree = "<group>"; };
		A2345678901BCDEF1234584 /* TripPlanningView.swift */ = {isa = PBXFileReference; lastKnownFileType = sourcecode.swift; path = TripPlanningView.swift; sourceTree = "<group>"; };
		A2345678901BCDEF1234585 /* MainDashboardView.swift */ = {isa = PBXFileReference; lastKnownFileType = sourcecode.swift; path = MainDashboardView.swift; sourceTree = "<group>"; };
/* End PBXFileReference section */

/* Begin PBXFrameworksBuildPhase section */
		A1234567890ABCDEF1234560 /* Frameworks */ = {
			isa = PBXFrameworksBuildPhase;
			buildActionMask = 2147483647;
			files = (
			);
			runOnlyForDeploymentPostprocessing = 0;
		};
/* End PBXFrameworksBuildPhase section */

/* Begin PBXGroup section */
		A1234567890ABCDEF123455A /* Products */ = {
			isa = PBXGroup;
			children = (
				A1234567890ABCDEF1234563 /* Odyssée.app */,
			);
			name = Products;
			sourceTree = "<group>";
		};
		A1234567890ABCDEF1234559 = {
			isa = PBXGroup;
			children = (
				A1234567890ABCDEF1234565 /* Odyssée */,
				A1234567890ABCDEF123455A /* Products */,
			);
			sourceTree = "<group>";
		};
		A1234567890ABCDEF1234565 /* Odyssée */ = {
			isa = PBXGroup;
			children = (
				A1234567890ABCDEF1234566 /* OdysséeApp.swift */,
				A2345678901BCDEF1234601 /* Components */,
				A2345678901BCDEF1234602 /* Views */,
				A2345678901BCDEF1234603 /* Services */,
				A2345678901BCDEF1234604 /* DesignSystem */,
				A1234567890ABCDEF123456F /* TravelData.xcdatamodeld */,
				A1234567890ABCDEF123456A /* Assets.xcassets */,
				A1234567890ABCDEF123456D /* Preview Assets.xcassets */,
			);
			path = TravelApp;
			sourceTree = "<group>";
		};
		A2345678901BCDEF1234601 /* Components */ = {
			isa = PBXGroup;
			children = (
				A2345678901BCDEF1234571 /* LuxuryNavigationController.swift */,
				A2345678901BCDEF1234572 /* LuxuryCard.swift */,
				A2345678901BCDEF1234573 /* PremiumButton.swift */,
			);
			path = Components;
			sourceTree = "<group>";
		};
		A2345678901BCDEF1234602 /* Views */ = {
			isa = PBXGroup;
			children = (
				A2345678901BCDEF1234605 /* Globe */,
				A2345678901BCDEF1234584 /* TripPlanningView.swift */,
				A2345678901BCDEF1234585 /* MainDashboardView.swift */,
				A1234567890ABCDEF1234568 /* ContentView.swift */,
			);
			path = Views;
			sourceTree = "<group>";
		};
		A2345678901BCDEF1234605 /* Globe */ = {
			isa = PBXGroup;
			children = (
				A2345678901BCDEF1234582 /* VisitedPlaceDetailView.swift */,
				A2345678901BCDEF1234583 /* InteractiveGlobeView.swift */,
			);
			path = Globe;
			sourceTree = "<group>";
		};
		A2345678901BCDEF1234603 /* Services */ = {
			isa = PBXGroup;
			children = (
				A2345678901BCDEF1234574 /* TravelDataImporter.swift */,
				A2345678901BCDEF1234575 /* TravelDataExporter.swift */,
				A2345678901BCDEF1234577 /* FavoritesManager.swift */,
				A2345678901BCDEF1234576 /* DiscoveryService.swift */,
				A2345678901BCDEF1234606 /* Privacy */,
				A2345678901BCDEF1234607 /* PhotoAnalysis */,
				A2345678901BCDEF1234608 /* Persistence */,
			);
			path = Services;
			sourceTree = "<group>";
		};
		A2345678901BCDEF1234606 /* Privacy */ = {
			isa = PBXGroup;
			children = (
				A2345678901BCDEF1234578 /* PrivacyManager.swift */,
			);
			path = Privacy;
			sourceTree = "<group>";
		};
		A2345678901BCDEF1234607 /* PhotoAnalysis */ = {
			isa = PBXGroup;
			children = (
				A2345678901BCDEF1234579 /* PhotoLibraryScanner.swift */,
				A2345678901BCDEF123457A /* LocationExtractor.swift */,
			);
			path = PhotoAnalysis;
			sourceTree = "<group>";
		};
		A2345678901BCDEF1234608 /* Persistence */ = {
			isa = PBXGroup;
			children = (
				A2345678901BCDEF123457B /* CoreDataStack.swift */,
			);
			path = Persistence;
			sourceTree = "<group>";
		};
		A2345678901BCDEF1234604 /* DesignSystem */ = {
			isa = PBXGroup;
			children = (
				A2345678901BCDEF123457C /* ModernTypography.swift */,
				A2345678901BCDEF123457D /* ModernColorPalette.swift */,
				A2345678901BCDEF123457E /* LuxuryTypography.swift */,
				A2345678901BCDEF123457F /* LuxurySpacingAndLayout.swift */,
				A2345678901BCDEF1234580 /* LuxuryColorPalette.swift */,
				A2345678901BCDEF1234581 /* LuxuryAnimation.swift */,
			);
			path = DesignSystem;
			sourceTree = "<group>";
		};
/* End PBXGroup section */

/* Begin PBXNativeTarget section */
		A1234567890ABCDEF1234562 /* Odyssée */ = {
			isa = PBXNativeTarget;
			buildConfigurationList = A1234567890ABCDEF1234572 /* Build configuration list for PBXNativeTarget "Odyssée" */;
			buildPhases = (
				A1234567890ABCDEF123455F /* Sources */,
				A1234567890ABCDEF1234560 /* Frameworks */,
				A1234567890ABCDEF1234561 /* Resources */,
			);
			buildRules = (
			);
			dependencies = (
			);
			name = "Odyssée";
			packageProductDependencies = (
			);
			productName = "Odyssée";
			productReference = A1234567890ABCDEF1234563 /* Odyssée.app */;
			productType = "com.apple.product-type.application";
		};
/* End PBXNativeTarget section */

/* Begin PBXProject section */
		A1234567890ABCDEF123455B /* Project object */ = {
			isa = PBXProject;
			attributes = {
				BuildIndependentTargetsInParallel = 1;
				LastSwiftUpdateCheck = 1500;
				LastUpgradeCheck = 1500;
				TargetAttributes = {
					A1234567890ABCDEF1234562 = {
						CreatedOnToolsVersion = 15.0;
					};
				};
			};
			buildConfigurationList = A1234567890ABCDEF123455E /* Build configuration list for PBXProject "Odyssée" */;
			compatibilityVersion = "Xcode 14.0";
			developmentRegion = en;
			hasScannedForEncodings = 0;
			knownRegions = (
				en,
				Base,
			);
			mainGroup = A1234567890ABCDEF1234559;
			packageReferences = (
			);
			productRefGroup = A1234567890ABCDEF123455A /* Products */;
			projectDirPath = "";
			projectRoot = "";
			targets = (
				A1234567890ABCDEF1234562 /* Odyssée */,
			);
		};
/* End PBXProject section */

/* Begin PBXResourcesBuildPhase section */
		A1234567890ABCDEF1234561 /* Resources */ = {
			isa = PBXResourcesBuildPhase;
			buildActionMask = 2147483647;
			files = (
				A1234567890ABCDEF123456E /* Preview Assets.xcassets in Resources */,
				A1234567890ABCDEF123456B /* Assets.xcassets in Resources */,
			);
			runOnlyForDeploymentPostprocessing = 0;
		};
/* End PBXResourcesBuildPhase section */

/* Begin PBXSourcesBuildPhase section */
		A1234567890ABCDEF123455F /* Sources */ = {
			isa = PBXSourcesBuildPhase;
			buildActionMask = 2147483647;
			files = (
				A3456789012BCDEF1234586 /* LuxuryNavigationController.swift in Sources */,
				A3456789012BCDEF1234587 /* LuxuryCard.swift in Sources */,
				A3456789012BCDEF1234588 /* PremiumButton.swift in Sources */,
				A3456789012BCDEF1234589 /* TravelDataImporter.swift in Sources */,
				A3456789012BCDEF123458A /* TravelDataExporter.swift in Sources */,
				A3456789012BCDEF123458B /* DiscoveryService.swift in Sources */,
				A3456789012BCDEF123458C /* FavoritesManager.swift in Sources */,
				A3456789012BCDEF123458D /* PrivacyManager.swift in Sources */,
				A3456789012BCDEF123458E /* PhotoLibraryScanner.swift in Sources */,
				A3456789012BCDEF123458F /* LocationExtractor.swift in Sources */,
				A3456789012BCDEF1234590 /* CoreDataStack.swift in Sources */,
				A3456789012BCDEF1234591 /* ModernTypography.swift in Sources */,
				A3456789012BCDEF1234592 /* ModernColorPalette.swift in Sources */,
				A3456789012BCDEF1234593 /* LuxuryTypography.swift in Sources */,
				A3456789012BCDEF1234594 /* LuxurySpacingAndLayout.swift in Sources */,
				A3456789012BCDEF1234595 /* LuxuryColorPalette.swift in Sources */,
				A3456789012BCDEF1234596 /* LuxuryAnimation.swift in Sources */,
				A3456789012BCDEF1234597 /* VisitedPlaceDetailView.swift in Sources */,
				A3456789012BCDEF1234598 /* InteractiveGlobeView.swift in Sources */,
				A3456789012BCDEF1234599 /* TripPlanningView.swift in Sources */,
				A3456789012BCDEF123459A /* MainDashboardView.swift in Sources */,
				A1234567890ABCDEF1234569 /* ContentView.swift in Sources */,
				A1234567890ABCDEF1234571 /* TravelData.xcdatamodeld in Sources */,
				A1234567890ABCDEF1234567 /* OdysséeApp.swift in Sources */,
			);
			runOnlyForDeploymentPostprocessing = 0;
		};
/* End PBXSourcesBuildPhase section */

/* Begin XCVersionGroup section */
		A1234567890ABCDEF123456F /* TravelData.xcdatamodeld */ = {
			isa = XCVersionGroup;
			children = (
				A1234567890ABCDEF1234570 /* TravelData.xcdatamodel */,
			);
			currentVersion = A1234567890ABCDEF1234570 /* TravelData.xcdatamodel */;
			path = TravelData.xcdatamodeld;
			sourceTree = "<group>";
			versionGroupType = wrapper.xcdatamodel;
		};
/* End XCVersionGroup section */

/* Begin XCBuildConfiguration section */
		A1234567890ABCDEF1234573 /* Debug */ = {
			isa = XCBuildConfiguration;
			buildSettings = {
				ALWAYS_SEARCH_USER_PATHS = NO;
				ASSETCATALOG_COMPILER_GENERATE_SWIFT_ASSET_SYMBOL_EXTENSIONS = YES;
				CLANG_ANALYZER_NONNULL = YES;
				CLANG_ANALYZER_NUMBER_OBJECT_CONVERSION = YES_AGGRESSIVE;
				CLANG_CXX_LANGUAGE_STANDARD = "gnu++20";
				CLANG_ENABLE_MODULES = YES;
				CLANG_ENABLE_OBJC_ARC = YES;
				CLANG_ENABLE_OBJC_WEAK = YES;
				CLANG_WARN_BLOCK_CAPTURE_AUTORELEASING = YES;
				CLANG_WARN_BOOL_CONVERSION = YES;
				CLANG_WARN_COMMA = YES;
				CLANG_WARN_CONSTANT_CONVERSION = YES;
				CLANG_WARN_DEPRECATED_OBJC_IMPLEMENTATIONS = YES;
				CLANG_WARN_DIRECT_OBJC_ISA_USAGE = YES_ERROR;
				CLANG_WARN_DOCUMENTATION_COMMENTS = YES;
				CLANG_WARN_EMPTY_BODY = YES;
				CLANG_WARN_ENUM_CONVERSION = YES;
				CLANG_WARN_INFINITE_RECURSION = YES;
				CLANG_WARN_INT_CONVERSION = YES;
				CLANG_WARN_NON_LITERAL_NULL_CONVERSION = YES;
				CLANG_WARN_OBJC_IMPLICIT_RETAIN_SELF = YES;
				CLANG_WARN_OBJC_LITERAL_CONVERSION = YES;
				CLANG_WARN_OBJC_ROOT_CLASS = YES_ERROR;
				CLANG_WARN_QUOTED_INCLUDE_IN_FRAMEWORK_HEADER = YES;
				CLANG_WARN_RANGE_LOOP_ANALYSIS = YES;
				CLANG_WARN_STRICT_PROTOTYPES = YES;
				CLANG_WARN_SUSPICIOUS_MOVE = YES;
				CLANG_WARN_UNGUARDED_AVAILABILITY = YES_AGGRESSIVE;
				CLANG_WARN_UNREACHABLE_CODE = YES;
				CLANG_WARN__DUPLICATE_METHOD_MATCH = YES;
				COPY_PHASE_STRIP = NO;
				DEBUG_INFORMATION_FORMAT = dwarf;
				ENABLE_STRICT_OBJC_MSGSEND = YES;
				ENABLE_TESTABILITY = YES;
				ENABLE_USER_SCRIPT_SANDBOXING = YES;
				GCC_C_LANGUAGE_STANDARD = gnu17;
				GCC_DYNAMIC_NO_PIC = NO;
				GCC_NO_COMMON_BLOCKS = YES;
				GCC_OPTIMIZATION_LEVEL = 0;
				GCC_PREPROCESSOR_DEFINITIONS = (
					"DEBUG=1",
					"$(inherited)",
				);
				GCC_WARN_64_TO_32_BIT_CONVERSION = YES;
				GCC_WARN_ABOUT_RETURN_TYPE = YES_ERROR;
				GCC_WARN_UNDECLARED_SELECTOR = YES;
				GCC_WARN_UNINITIALIZED_AUTOS = YES_AGGRESSIVE;
				GCC_WARN_UNUSED_FUNCTION = YES;
				GCC_WARN_UNUSED_VARIABLE = YES;
				IPHONEOS_DEPLOYMENT_TARGET = 15.0;
				LOCALIZATION_PREFERS_STRING_CATALOGS = YES;
				MTL_ENABLE_DEBUG_INFO = INCLUDE_SOURCE;
				MTL_FAST_MATH = YES;
				ONLY_ACTIVE_ARCH = YES;
				SDKROOT = iphoneos;
				SWIFT_ACTIVE_COMPILATION_CONDITIONS = "DEBUG $(inherited)";
				SWIFT_OPTIMIZATION_LEVEL = "-Onone";
			};
			name = Debug;
		};
		A1234567890ABCDEF1234574 /* Release */ = {
			isa = XCBuildConfiguration;
			buildSettings = {
				ALWAYS_SEARCH_USER_PATHS = NO;
				ASSETCATALOG_COMPILER_GENERATE_SWIFT_ASSET_SYMBOL_EXTENSIONS = YES;
				CLANG_ANALYZER_NONNULL = YES;
				CLANG_ANALYZER_NUMBER_OBJECT_CONVERSION = YES_AGGRESSIVE;
				CLANG_CXX_LANGUAGE_STANDARD = "gnu++20";
				CLANG_ENABLE_MODULES = YES;
				CLANG_ENABLE_OBJC_ARC = YES;
				CLANG_ENABLE_OBJC_WEAK = YES;
				CLANG_WARN_BLOCK_CAPTURE_AUTORELEASING = YES;
				CLANG_WARN_BOOL_CONVERSION = YES;
				CLANG_WARN_COMMA = YES;
				CLANG_WARN_CONSTANT_CONVERSION = YES;
				CLANG_WARN_DEPRECATED_OBJC_IMPLEMENTATIONS = YES;
				CLANG_WARN_DIRECT_OBJC_ISA_USAGE = YES_ERROR;
				CLANG_WARN_DOCUMENTATION_COMMENTS = YES;
				CLANG_WARN_EMPTY_BODY = YES;
				CLANG_WARN_ENUM_CONVERSION = YES;
				CLANG_WARN_INFINITE_RECURSION = YES;
				CLANG_WARN_INT_CONVERSION = YES;
				CLANG_WARN_NON_LITERAL_NULL_CONVERSION = YES;
				CLANG_WARN_OBJC_IMPLICIT_RETAIN_SELF = YES;
				CLANG_WARN_OBJC_LITERAL_CONVERSION = YES;
				CLANG_WARN_OBJC_ROOT_CLASS = YES_ERROR;
				CLANG_WARN_QUOTED_INCLUDE_IN_FRAMEWORK_HEADER = YES;
				CLANG_WARN_RANGE_LOOP_ANALYSIS = YES;
				CLANG_WARN_STRICT_PROTOTYPES = YES;
				CLANG_WARN_SUSPICIOUS_MOVE = YES;
				CLANG_WARN_UNGUARDED_AVAILABILITY = YES_AGGRESSIVE;
				CLANG_WARN_UNREACHABLE_CODE = YES;
				CLANG_WARN__DUPLICATE_METHOD_MATCH = YES;
				COPY_PHASE_STRIP = NO;
				DEBUG_INFORMATION_FORMAT = "dwarf-with-dsym";
				ENABLE_NS_ASSERTIONS = NO;
				ENABLE_STRICT_OBJC_MSGSEND = YES;
				ENABLE_USER_SCRIPT_SANDBOXING = YES;
				GCC_C_LANGUAGE_STANDARD = gnu17;
				GCC_NO_COMMON_BLOCKS = YES;
				GCC_WARN_64_TO_32_BIT_CONVERSION = YES;
				GCC_WARN_ABOUT_RETURN_TYPE = YES_ERROR;
				GCC_WARN_UNDECLARED_SELECTOR = YES;
				GCC_WARN_UNINITIALIZED_AUTOS = YES_AGGRESSIVE;
				GCC_WARN_UNUSED_FUNCTION = YES;
				GCC_WARN_UNUSED_VARIABLE = YES;
				IPHONEOS_DEPLOYMENT_TARGET = 15.0;
				LOCALIZATION_PREFERS_STRING_CATALOGS = YES;
				MTL_ENABLE_DEBUG_INFO = NO;
				MTL_FAST_MATH = YES;
				SDKROOT = iphoneos;
				SWIFT_COMPILATION_MODE = wholemodule;
				VALIDATE_PRODUCT = YES;
			};
			name = Release;
		};
		A1234567890ABCDEF1234575 /* Debug */ = {
			isa = XCBuildConfiguration;
			buildSettings = {
				ASSETCATALOG_COMPILER_APPICON_NAME = AppIcon;
				ASSETCATALOG_COMPILER_GLOBAL_ACCENT_COLOR_NAME = AccentColor;
				CODE_SIGN_STYLE = Automatic;
				CURRENT_PROJECT_VERSION = 1;
				DEVELOPMENT_ASSET_PATHS = "\"TravelApp/Preview Content\"";
				ENABLE_PREVIEWS = YES;
				GENERATE_INFOPLIST_FILE = YES;
				INFOPLIST_KEY_NSCameraUsageDescription = "Access camera to capture travel moments";
				INFOPLIST_KEY_NSLocationWhenInUseUsageDescription = "Show your location on the travel map";
				INFOPLIST_KEY_NSPhotoLibraryUsageDescription = "Access photo library to detect visited travel locations";
				INFOPLIST_KEY_UIApplicationSceneManifest_Generation = YES;
				INFOPLIST_KEY_UIApplicationSupportsIndirectInputEvents = YES;
				INFOPLIST_KEY_UILaunchScreen_Generation = YES;
				INFOPLIST_KEY_UISupportedInterfaceOrientations_iPad = "UIInterfaceOrientationPortrait UIInterfaceOrientationPortraitUpsideDown UIInterfaceOrientationLandscapeLeft UIInterfaceOrientationLandscapeRight";
				INFOPLIST_KEY_UISupportedInterfaceOrientations_iPhone = "UIInterfaceOrientationPortrait UIInterfaceOrientationLandscapeLeft UIInterfaceOrientationLandscapeRight";
				LD_RUNPATH_SEARCH_PATHS = (
					"$(inherited)",
					"@executable_path/Frameworks",
				);
				MARKETING_VERSION = 1.0;
				PRODUCT_BUNDLE_IDENTIFIER = com.odysee.app;
				PRODUCT_NAME = "$(TARGET_NAME)";
				SWIFT_EMIT_LOC_STRINGS = YES;
				SWIFT_VERSION = 5.0;
				TARGETED_DEVICE_FAMILY = "1,2";
			};
			name = Debug;
		};
		A1234567890ABCDEF1234576 /* Release */ = {
			isa = XCBuildConfiguration;
			buildSettings = {
				ASSETCATALOG_COMPILER_APPICON_NAME = AppIcon;
				ASSETCATALOG_COMPILER_GLOBAL_ACCENT_COLOR_NAME = AccentColor;
				CODE_SIGN_STYLE = Automatic;
				CURRENT_PROJECT_VERSION = 1;
				DEVELOPMENT_ASSET_PATHS = "\"TravelApp/Preview Content\"";
				ENABLE_PREVIEWS = YES;
				GENERATE_INFOPLIST_FILE = YES;
				INFOPLIST_KEY_NSCameraUsageDescription = "Access camera to capture travel moments";
				INFOPLIST_KEY_NSLocationWhenInUseUsageDescription = "Show your location on the travel map";
				INFOPLIST_KEY_NSPhotoLibraryUsageDescription = "Access photo library to detect visited travel locations";
				INFOPLIST_KEY_UIApplicationSceneManifest_Generation = YES;
				INFOPLIST_KEY_UIApplicationSupportsIndirectInputEvents = YES;
				INFOPLIST_KEY_UILaunchScreen_Generation = YES;
				INFOPLIST_KEY_UISupportedInterfaceOrientations_iPad = "UIInterfaceOrientationPortrait UIInterfaceOrientationPortraitUpsideDown UIInterfaceOrientationLandscapeLeft UIInterfaceOrientationLandscapeRight";
				INFOPLIST_KEY_UISupportedInterfaceOrientations_iPhone = "UIInterfaceOrientationPortrait UIInterfaceOrientationLandscapeLeft UIInterfaceOrientationLandscapeRight";
				LD_RUNPATH_SEARCH_PATHS = (
					"$(inherited)",
					"@executable_path/Frameworks",
				);
				MARKETING_VERSION = 1.0;
				PRODUCT_BUNDLE_IDENTIFIER = com.odysee.app;
				PRODUCT_NAME = "$(TARGET_NAME)";
				SWIFT_EMIT_LOC_STRINGS = YES;
				SWIFT_VERSION = 5.0;
				TARGETED_DEVICE_FAMILY = "1,2";
			};
			name = Release;
		};
/* End XCBuildConfiguration section */

/* Begin XCConfigurationList section */
		A1234567890ABCDEF123455E /* Build configuration list for PBXProject "Odyssée" */ = {
			isa = XCConfigurationList;
			buildConfigurations = (
				A1234567890ABCDEF1234573 /* Debug */,
				A1234567890ABCDEF1234574 /* Release */,
			);
			defaultConfigurationIsVisible = 0;
			defaultConfigurationName = Release;
		};
		A1234567890ABCDEF1234572 /* Build configuration list for PBXNativeTarget "Odyssée" */ = {
			isa = XCConfigurationList;
			buildConfigurations = (
				A1234567890ABCDEF1234575 /* Debug */,
				A1234567890ABCDEF1234576 /* Release */,
			);
			defaultConfigurationIsVisible = 0;
			defaultConfigurationName = Release;
		};
/* End XCConfigurationList section */
	};
	rootObject = A1234567890ABCDEF123455B /* Project object */;
}